# This file is automatically @generated by Cargo.
# It is not intended for manual editing.
version = 3

[[package]]
name = "Raytracing-Rust"
version = "0.1.0"
dependencies = [
 "glam",
]

[[package]]
name = "glam"
version = "0.21.2"
source = "registry+https://github.com/rust-lang/crates.io-index"
checksum = "781aa11be58ef14b0cd7326618afcbd9cdb5ba686bdab7193d87cdc322cd7033"
